
Microsoft Visual Studio Solution File, Format Version 12.00
# Visual Studio 15
VisualStudioVersion = 15.0.28307.271
MinimumVisualStudioVersion = 10.0.40219.1
Project("{FAE04EC0-301F-11D3-BF4B-00C04F79EFBC}") = "DependencyInj", "DependencyInj\DependencyInj.csproj", "{ADE816FC-EFF4-4367-8026-310ECD154AD7}"
EndProject
Global
	GlobalSection(SolutionConfigurationPlatforms) = preSolution
		Debug|Any CPU = Debug|Any CPU
		Release|Any CPU = Release|Any CPU
	EndGlobalSection
	GlobalSection(ProjectConfigurationPlatforms) = postSolution
		{ADE816FC-EFF4-4367-8026-310ECD154AD7}.Debug|Any CPU.ActiveCfg = Debug|Any CPU
		{ADE816FC-EFF4-4367-8026-310ECD154AD7}.Debug|Any CPU.Build.0 = Debug|Any CPU
		{ADE816FC-EFF4-4367-8026-310ECD154AD7}.Release|Any CPU.ActiveCfg = Release|Any CPU
		{ADE816FC-EFF4-4367-8026-310ECD154AD7}.Release|Any CPU.Build.0 = Release|Any CPU
	EndGlobalSection
	GlobalSection(SolutionProperties) = preSolution
		HideSolutionNode = FALSE
	EndGlobalSection
	GlobalSection(ExtensibilityGlobals) = postSolution
		SolutionGuid = {C9789DC3-6E05-4C2B-AF95-6112C3248276}
	EndGlobalSection
EndGlobal
